
Microsoft Visual Studio Solution File, Format Version 12.00
# Visual Studio Version 17
VisualStudioVersion = 17.13.35931.197
MinimumVisualStudioVersion = 10.0.40219.1
Project("{FAE04EC0-301F-11D3-BF4B-00C04F79EFBC}") = "Proyecto-Final-DSWI", "Proyecto-Final-DSWI.csproj", "{BA84A7F0-8D35-4773-B773-C33A9CBDBCE4}"
EndProject
Global
	GlobalSection(SolutionConfigurationPlatforms) = preSolution
		Debug|Any CPU = Debug|Any CPU
		Release|Any CPU = Release|Any CPU
	EndGlobalSection
	GlobalSection(ProjectConfigurationPlatforms) = postSolution
		{BA84A7F0-8D35-4773-B773-C33A9CBDBCE4}.Debug|Any CPU.ActiveCfg = Debug|Any CPU
		{BA84A7F0-8D35-4773-B773-C33A9CBDBCE4}.Debug|Any CPU.Build.0 = Debug|Any CPU
		{BA84A7F0-8D35-4773-B773-C33A9CBDBCE4}.Release|Any CPU.ActiveCfg = Release|Any CPU
		{BA84A7F0-8D35-4773-B773-C33A9CBDBCE4}.Release|Any CPU.Build.0 = Release|Any CPU
	EndGlobalSection
	GlobalSection(SolutionProperties) = preSolution
		HideSolutionNode = FALSE
	EndGlobalSection
	GlobalSection(ExtensibilityGlobals) = postSolution
		SolutionGuid = {24F062EF-9EDA-4B6E-8C8E-65BAC30FDE78}
	EndGlobalSection
EndGlobal
